
Microsoft Visual Studio Solution File, Format Version 12.00
# Visual Studio Version 17
VisualStudioVersion = 17.4.33110.190
MinimumVisualStudioVersion = 10.0.40219.1
Project("{FAE04EC0-301F-11D3-BF4B-00C04F79EFBC}") = "Employee", "Employee.csproj", "{90B990C1-B65F-4AE2-A563-51B12890322D}"
EndProject
Global
	GlobalSection(SolutionConfigurationPlatforms) = preSolution
		Debug|Any CPU = Debug|Any CPU
		Release|Any CPU = Release|Any CPU
	EndGlobalSection
	GlobalSection(ProjectConfigurationPlatforms) = postSolution
		{90B990C1-B65F-4AE2-A563-51B12890322D}.Debug|Any CPU.ActiveCfg = Debug|Any CPU
		{90B990C1-B65F-4AE2-A563-51B12890322D}.Debug|Any CPU.Build.0 = Debug|Any CPU
		{90B990C1-B65F-4AE2-A563-51B12890322D}.Release|Any CPU.ActiveCfg = Release|Any CPU
		{90B990C1-B65F-4AE2-A563-51B12890322D}.Release|Any CPU.Build.0 = Release|Any CPU
	EndGlobalSection
	GlobalSection(SolutionProperties) = preSolution
		HideSolutionNode = FALSE
	EndGlobalSection
	GlobalSection(ExtensibilityGlobals) = postSolution
		SolutionGuid = {2E063A0D-7DE2-4202-BF51-C20DB54E6E4B}
	EndGlobalSection
EndGlobal
